
Microsoft Visual Studio Solution File, Format Version 12.00
# Visual Studio Version 17
VisualStudioVersion = 17.1.32210.238
MinimumVisualStudioVersion = 10.0.40219.1
Project("{FAE04EC0-301F-11D3-BF4B-00C04F79EFBC}") = "TestAppService", "TestAppService.csproj", "{BDB61C76-F751-4B0A-A758-9E7C06F4F7C0}"
EndProject
Global
	GlobalSection(SolutionConfigurationPlatforms) = preSolution
		Debug|Any CPU = Debug|Any CPU
		Release|Any CPU = Release|Any CPU
	EndGlobalSection
	GlobalSection(ProjectConfigurationPlatforms) = postSolution
		{BDB61C76-F751-4B0A-A758-9E7C06F4F7C0}.Debug|Any CPU.ActiveCfg = Debug|Any CPU
		{BDB61C76-F751-4B0A-A758-9E7C06F4F7C0}.Debug|Any CPU.Build.0 = Debug|Any CPU
		{BDB61C76-F751-4B0A-A758-9E7C06F4F7C0}.Release|Any CPU.ActiveCfg = Release|Any CPU
		{BDB61C76-F751-4B0A-A758-9E7C06F4F7C0}.Release|Any CPU.Build.0 = Release|Any CPU
	EndGlobalSection
	GlobalSection(SolutionProperties) = preSolution
		HideSolutionNode = FALSE
	EndGlobalSection
	GlobalSection(ExtensibilityGlobals) = postSolution
		SolutionGuid = {265ED0F0-B301-49F5-8D38-19DE31929428}
	EndGlobalSection
EndGlobal
