
Microsoft Visual Studio Solution File, Format Version 12.00
# Visual Studio Version 16
VisualStudioVersion = 16.0.30114.105
MinimumVisualStudioVersion = 10.0.40219.1
Project("{FAE04EC0-301F-11D3-BF4B-00C04F79EFBC}") = "HelloWorld", "HelloWorld\HelloWorld.csproj", "{54E880DA-3BB4-4E6A-A05B-81C669305BF4}"
EndProject
Project("{FAE04EC0-301F-11D3-BF4B-00C04F79EFBC}") = "HelloWorld.Tests", "HelloWorld.Tests\HelloWorld.Tests.csproj", "{193C6C79-02E6-489E-80D3-600EF8214366}"
EndProject
Global
	GlobalSection(SolutionConfigurationPlatforms) = preSolution
		Debug|Any CPU = Debug|Any CPU
		Release|Any CPU = Release|Any CPU
	EndGlobalSection
	GlobalSection(SolutionProperties) = preSolution
		HideSolutionNode = FALSE
	EndGlobalSection
	GlobalSection(ProjectConfigurationPlatforms) = postSolution
		{54E880DA-3BB4-4E6A-A05B-81C669305BF4}.Debug|Any CPU.ActiveCfg = Debug|Any CPU
		{54E880DA-3BB4-4E6A-A05B-81C669305BF4}.Debug|Any CPU.Build.0 = Debug|Any CPU
		{54E880DA-3BB4-4E6A-A05B-81C669305BF4}.Release|Any CPU.ActiveCfg = Release|Any CPU
		{54E880DA-3BB4-4E6A-A05B-81C669305BF4}.Release|Any CPU.Build.0 = Release|Any CPU
		{193C6C79-02E6-489E-80D3-600EF8214366}.Debug|Any CPU.ActiveCfg = Debug|Any CPU
		{193C6C79-02E6-489E-80D3-600EF8214366}.Debug|Any CPU.Build.0 = Debug|Any CPU
		{193C6C79-02E6-489E-80D3-600EF8214366}.Release|Any CPU.ActiveCfg = Release|Any CPU
		{193C6C79-02E6-489E-80D3-600EF8214366}.Release|Any CPU.Build.0 = Release|Any CPU
	EndGlobalSection
EndGlobal
