
Microsoft Visual Studio Solution File, Format Version 12.00
# Visual Studio Version 17
VisualStudioVersion = 17.2.32505.173
MinimumVisualStudioVersion = 10.0.40219.1
Project("{9A19103F-16F7-4668-BE54-9A1E7A4F7556}") = "AuthSample", "AuthSample.csproj", "{34811338-CE38-4859-B4EC-0E28DEB7469E}"
EndProject
Global
	GlobalSection(SolutionConfigurationPlatforms) = preSolution
		Debug|Any CPU = Debug|Any CPU
		Release|Any CPU = Release|Any CPU
	EndGlobalSection
	GlobalSection(ProjectConfigurationPlatforms) = postSolution
		{34811338-CE38-4859-B4EC-0E28DEB7469E}.Debug|Any CPU.ActiveCfg = Debug|Any CPU
		{34811338-CE38-4859-B4EC-0E28DEB7469E}.Debug|Any CPU.Build.0 = Debug|Any CPU
		{34811338-CE38-4859-B4EC-0E28DEB7469E}.Release|Any CPU.ActiveCfg = Release|Any CPU
		{34811338-CE38-4859-B4EC-0E28DEB7469E}.Release|Any CPU.Build.0 = Release|Any CPU
	EndGlobalSection
	GlobalSection(SolutionProperties) = preSolution
		HideSolutionNode = FALSE
	EndGlobalSection
	GlobalSection(ExtensibilityGlobals) = postSolution
		SolutionGuid = {4D7F461F-2D94-4A43-94F3-918A67586AD5}
	EndGlobalSection
EndGlobal
